
Microsoft Visual Studio Solution File, Format Version 12.00
# Visual Studio 15
VisualStudioVersion = 15.0.28307.136
MinimumVisualStudioVersion = 10.0.40219.1
Project("{FAE04EC0-301F-11D3-BF4B-00C04F79EFBC}") = "AmazingCo.Api", "AmazingCo.Api\AmazingCo.Api.csproj", "{8783C90E-75CA-45F3-9205-8490940178AE}"
EndProject
Global
	GlobalSection(SolutionConfigurationPlatforms) = preSolution
		Debug|Any CPU = Debug|Any CPU
		Release|Any CPU = Release|Any CPU
	EndGlobalSection
	GlobalSection(ProjectConfigurationPlatforms) = postSolution
		{8783C90E-75CA-45F3-9205-8490940178AE}.Debug|Any CPU.ActiveCfg = Debug|Any CPU
		{8783C90E-75CA-45F3-9205-8490940178AE}.Debug|Any CPU.Build.0 = Debug|Any CPU
		{8783C90E-75CA-45F3-9205-8490940178AE}.Release|Any CPU.ActiveCfg = Release|Any CPU
		{8783C90E-75CA-45F3-9205-8490940178AE}.Release|Any CPU.Build.0 = Release|Any CPU
	EndGlobalSection
	GlobalSection(SolutionProperties) = preSolution
		HideSolutionNode = FALSE
	EndGlobalSection
	GlobalSection(ExtensibilityGlobals) = postSolution
		SolutionGuid = {69945294-37B9-417F-B7A9-2341B92FDA1A}
	EndGlobalSection
EndGlobal
